
Microsoft Visual Studio Solution File, Format Version 12.00
# Visual Studio Version 17
VisualStudioVersion = 17.3.32922.545
MinimumVisualStudioVersion = 10.0.40219.1
Project("{FAE04EC0-301F-11D3-BF4B-00C04F79EFBC}") = "raynris", "raynris\raynris.csproj", "{CCC3EFD1-F5D2-47F1-879D-354138B61337}"
EndProject
Global
	GlobalSection(SolutionConfigurationPlatforms) = preSolution
		Debug|Any CPU = Debug|Any CPU
		Release|Any CPU = Release|Any CPU
	EndGlobalSection
	GlobalSection(ProjectConfigurationPlatforms) = postSolution
		{CCC3EFD1-F5D2-47F1-879D-354138B61337}.Debug|Any CPU.ActiveCfg = Debug|Any CPU
		{CCC3EFD1-F5D2-47F1-879D-354138B61337}.Debug|Any CPU.Build.0 = Debug|Any CPU
		{CCC3EFD1-F5D2-47F1-879D-354138B61337}.Release|Any CPU.ActiveCfg = Release|Any CPU
		{CCC3EFD1-F5D2-47F1-879D-354138B61337}.Release|Any CPU.Build.0 = Release|Any CPU
	EndGlobalSection
	GlobalSection(SolutionProperties) = preSolution
		HideSolutionNode = FALSE
	EndGlobalSection
	GlobalSection(ExtensibilityGlobals) = postSolution
		SolutionGuid = {9407B813-7A3A-4111-B664-1AB5774A5A79}
	EndGlobalSection
EndGlobal
